# THIS IS AN AUTOGENERATED FILE. DO NOT EDIT THIS FILE DIRECTLY.
# yarn lockfile v1


bootstrap@^4.5.0:
  version "4.5.0"
  resolved "https://registry.npm.taobao.org/bootstrap/download/bootstrap-4.5.0.tgz?cache=0&other_urls=https%3A%2F%2Fregistry.npm.taobao.org%2Fbootstrap%2Fdownload%2Fbootstrap-4.5.0.tgz#97d9dbcb5a8972f8722c9962483543b907d9b9ec"
  integrity sha1-l9nby1qJcvhyLJliSDVDuQfZuew=

jquery@^3.5.1:
  version "3.5.1"
  resolved "https://registry.npm.taobao.org/jquery/download/jquery-3.5.1.tgz#d7b4d08e1bfdb86ad2f1a3d039ea17304717abb5"
  integrity sha1-17TQjhv9uGrS8aPQOeoXMEcXq7U=

vue@^2.6.11:
  version "2.6.11"
  resolved "https://registry.npm.taobao.org/vue/download/vue-2.6.11.tgz#76594d877d4b12234406e84e35275c6d514125c5"
  integrity sha1-dllNh31LEiNEBuhONSdcbVFBJcU=

yarn@^1.22.4:
  version "1.22.4"
  resolved "https://registry.npm.taobao.org/yarn/download/yarn-1.22.4.tgz#01c1197ca5b27f21edc8bc472cd4c8ce0e5a470e"
  integrity sha1-AcEZfKWyfyHtyLxHLNTIzg5aRw4=
